
Microsoft Visual Studio Solution File, Format Version 12.00
# Visual Studio Version 17
VisualStudioVersion = 17.7.34202.233
MinimumVisualStudioVersion = 10.0.40219.1
Project("{FAE04EC0-301F-11D3-BF4B-00C04F79EFBC}") = "FruitBasket", "FruitBasket\FruitBasket.csproj", "{29DBFED1-0F00-4BA0-B83C-51FA4A246030}"
EndProject
Global
	GlobalSection(SolutionConfigurationPlatforms) = preSolution
		Debug|Any CPU = Debug|Any CPU
		Release|Any CPU = Release|Any CPU
	EndGlobalSection
	GlobalSection(ProjectConfigurationPlatforms) = postSolution
		{29DBFED1-0F00-4BA0-B83C-51FA4A246030}.Debug|Any CPU.ActiveCfg = Debug|Any CPU
		{29DBFED1-0F00-4BA0-B83C-51FA4A246030}.Debug|Any CPU.Build.0 = Debug|Any CPU
		{29DBFED1-0F00-4BA0-B83C-51FA4A246030}.Release|Any CPU.ActiveCfg = Release|Any CPU
		{29DBFED1-0F00-4BA0-B83C-51FA4A246030}.Release|Any CPU.Build.0 = Release|Any CPU
	EndGlobalSection
	GlobalSection(SolutionProperties) = preSolution
		HideSolutionNode = FALSE
	EndGlobalSection
	GlobalSection(ExtensibilityGlobals) = postSolution
		SolutionGuid = {02C18D69-E461-45C4-91F1-BBE8E3C663C8}
	EndGlobalSection
EndGlobal
